// !$*UTF8*$!
{
	archiveVersion = 1;
	classes = {
	};
	objectVersion = 50;
	objects = {

/* Begin PBXBuildFile section */
		52A35BBF24CF392D00AA11FC /* AppDelegate.swift in Sources */ = {isa = PBXBuildFile; fileRef = 52A35BBE24CF392D00AA11FC /* AppDelegate.swift */; };
		52A35BC124CF392D00AA11FC /* SceneDelegate.swift in Sources */ = {isa = PBXBuildFile; fileRef = 52A35BC024CF392D00AA11FC /* SceneDelegate.swift */; };
		52A35BC324CF392D00AA11FC /* ViewController.swift in Sources */ = {isa = PBXBuildFile; fileRef = 52A35BC224CF392D00AA11FC /* ViewController.swift */; };
		52A35BC624CF392D00AA11FC /* Main.storyboard in Resources */ = {isa = PBXBuildFile; fileRef = 52A35BC424CF392D00AA11FC /* Main.storyboard */; };
		52A35BC824CF392E00AA11FC /* Assets.xcassets in Resources */ = {isa = PBXBuildFile; fileRef = 52A35BC724CF392E00AA11FC /* Assets.xcassets */; };
		52A35BCB24CF392E00AA11FC /* LaunchScreen.storyboard in Resources */ = {isa = PBXBuildFile; fileRef = 52A35BC924CF392E00AA11FC /* LaunchScreen.storyboard */; };
		52A35BD324CF3E5A00AA11FC /* MyMessageTableViewCell.swift in Sources */ = {isa = PBXBuildFile; fileRef = 52A35BD224CF3E5A00AA11FC /* MyMessageTableViewCell.swift */; };
		52A35BD524CF3E8C00AA11FC /* PartnerTableViewCell.swift in Sources */ = {isa = PBXBuildFile; fileRef = 52A35BD424CF3E8C00AA11FC /* PartnerTableViewCell.swift */; };
/* End PBXBuildFile section */

/* Begin PBXFileReference section */
		52A35BBB24CF392D00AA11FC /* SmsSending.app */ = {isa = PBXFileReference; explicitFileType = wrapper.application; includeInIndex = 0; path = SmsSending.app; sourceTree = BUILT_PRODUCTS_DIR; };
		52A35BBE24CF392D00AA11FC /* AppDelegate.swift */ = {isa = PBXFileReference; lastKnownFileType = sourcecode.swift; path = AppDelegate.swift; sourceTree = "<group>"; };
		52A35BC024CF392D00AA11FC /* SceneDelegate.swift */ = {isa = PBXFileReference; lastKnownFileType = sourcecode.swift; path = SceneDelegate.swift; sourceTree = "<group>"; };
		52A35BC224CF392D00AA11FC /* ViewController.swift */ = {isa = PBXFileReference; lastKnownFileType = sourcecode.swift; path = ViewController.swift; sourceTree = "<group>"; };
		52A35BC524CF392D00AA11FC /* Base */ = {isa = PBXFileReference; lastKnownFileType = file.storyboard; name = Base; path = Base.lproj/Main.storyboard; sourceTree = "<group>"; };
		52A35BC724CF392E00AA11FC /* Assets.xcassets */ = {isa = PBXFileReference; lastKnownFileType = folder.assetcatalog; path = Assets.xcassets; sourceTree = "<group>"; };
		52A35BCA24CF392E00AA11FC /* Base */ = {isa = PBXFileReference; lastKnownFileType = file.storyboard; name = Base; path = Base.lproj/LaunchScreen.storyboard; sourceTree = "<group>"; };
		52A35BCC24CF392E00AA11FC /* Info.plist */ = {isa = PBXFileReference; lastKnownFileType = text.plist.xml; path = Info.plist; sourceTree = "<group>"; };
		52A35BD224CF3E5A00AA11FC /* MyMessageTableViewCell.swift */ = {isa = PBXFileReference; lastKnownFileType = sourcecode.swift; path = MyMessageTableViewCell.swift; sourceTree = "<group>"; };
		52A35BD424CF3E8C00AA11FC /* PartnerTableViewCell.swift */ = {isa = PBXFileReference; lastKnownFileType = sourcecode.swift; path = PartnerTableViewCell.swift; sourceTree = "<group>"; };
/* End PBXFileReference section */

/* Begin PBXFrameworksBuildPhase section */
		52A35BB824CF392D00AA11FC /* Frameworks */ = {
			isa = PBXFrameworksBuildPhase;
			buildActionMask = 2147483647;
			files = (
			);
			runOnlyForDeploymentPostprocessing = 0;
		};
/* End PBXFrameworksBuildPhase section */

/* Begin PBXGroup section */
		52A35BB224CF392C00AA11FC = {
			isa = PBXGroup;
			children = (
				52A35BBD24CF392D00AA11FC /* SmsSending */,
				52A35BBC24CF392D00AA11FC /* Products */,
			);
			sourceTree = "<group>";
		};
		52A35BBC24CF392D00AA11FC /* Products */ = {
			isa = PBXGroup;
			children = (
				52A35BBB24CF392D00AA11FC /* SmsSending.app */,
			);
			name = Products;
			sourceTree = "<group>";
		};
		52A35BBD24CF392D00AA11FC /* SmsSending */ = {
			isa = PBXGroup;
			children = (
				52A35BBE24CF392D00AA11FC /* AppDelegate.swift */,
				52A35BC024CF392D00AA11FC /* SceneDelegate.swift */,
				52A35BC224CF392D00AA11FC /* ViewController.swift */,
				52A35BC424CF392D00AA11FC /* Main.storyboard */,
				52A35BC724CF392E00AA11FC /* Assets.xcassets */,
				52A35BC924CF392E00AA11FC /* LaunchScreen.storyboard */,
				52A35BCC24CF392E00AA11FC /* Info.plist */,
				52A35BD224CF3E5A00AA11FC /* MyMessageTableViewCell.swift */,
				52A35BD424CF3E8C00AA11FC /* PartnerTableViewCell.swift */,
			);
			path = SmsSending;
			sourceTree = "<group>";
		};
/* End PBXGroup section */

/* Begin PBXNativeTarget section */
		52A35BBA24CF392D00AA11FC /* SmsSending */ = {
			isa = PBXNativeTarget;
			buildConfigurationList = 52A35BCF24CF392E00AA11FC /* Build configuration list for PBXNativeTarget "SmsSending" */;
			buildPhases = (
				52A35BB724CF392D00AA11FC /* Sources */,
				52A35BB824CF392D00AA11FC /* Frameworks */,
				52A35BB924CF392D00AA11FC /* Resources */,
			);
			buildRules = (
			);
			dependencies = (
			);
			name = SmsSending;
			productName = SmsSending;
			productReference = 52A35BBB24CF392D00AA11FC /* SmsSending.app */;
			productType = "com.apple.product-type.application";
		};
/* End PBXNativeTarget section */

/* Begin PBXProject section */
		52A35BB324CF392C00AA11FC /* Project object */ = {
			isa = PBXProject;
			attributes = {
				LastSwiftUpdateCheck = 1160;
				LastUpgradeCheck = 1160;
				ORGANIZATIONNAME = "Gevorg Hovhannisyan";
				TargetAttributes = {
					52A35BBA24CF392D00AA11FC = {
						CreatedOnToolsVersion = 11.6;
					};
				};
			};
			buildConfigurationList = 52A35BB624CF392C00AA11FC /* Build configuration list for PBXProject "SmsSending" */;
			compatibilityVersion = "Xcode 9.3";
			developmentRegion = en;
			hasScannedForEncodings = 0;
			knownRegions = (
				en,
				Base,
			);
			mainGroup = 52A35BB224CF392C00AA11FC;
			productRefGroup = 52A35BBC24CF392D00AA11FC /* Products */;
			projectDirPath = "";
			projectRoot = "";
			targets = (
				52A35BBA24CF392D00AA11FC /* SmsSending */,
			);
		};
/* End PBXProject section */

/* Begin PBXResourcesBuildPhase section */
		52A35BB924CF392D00AA11FC /* Resources */ = {
			isa = PBXResourcesBuildPhase;
			buildActionMask = 2147483647;
			files = (
				52A35BCB24CF392E00AA11FC /* LaunchScreen.storyboard in Resources */,
				52A35BC824CF392E00AA11FC /* Assets.xcassets in Resources */,
				52A35BC624CF392D00AA11FC /* Main.storyboard in Resources */,
			);
			runOnlyForDeploymentPostprocessing = 0;
		};
/* End PBXResourcesBuildPhase section */

/* Begin PBXSourcesBuildPhase section */
		52A35BB724CF392D00AA11FC /* Sources */ = {
			isa = PBXSourcesBuildPhase;
			buildActionMask = 2147483647;
			files = (
				52A35BC324CF392D00AA11FC /* ViewController.swift in Sources */,
				52A35BD324CF3E5A00AA11FC /* MyMessageTableViewCell.swift in Sources */,
				52A35BBF24CF392D00AA11FC /* AppDelegate.swift in Sources */,
				52A35BD524CF3E8C00AA11FC /* PartnerTableViewCell.swift in Sources */,
				52A35BC124CF392D00AA11FC /* SceneDelegate.swift in Sources */,
			);
			runOnlyForDeploymentPostprocessing = 0;
		};
/* End PBXSourcesBuildPhase section */

/* Begin PBXVariantGroup section */
		52A35BC424CF392D00AA11FC /* Main.storyboard */ = {
			isa = PBXVariantGroup;
			children = (
				52A35BC524CF392D00AA11FC /* Base */,
			);
			name = Main.storyboard;
			sourceTree = "<group>";
		};
		52A35BC924CF392E00AA11FC /* LaunchScreen.storyboard */ = {
			isa = PBXVariantGroup;
			children = (
				52A35BCA24CF392E00AA11FC /* Base */,
			);
			name = LaunchScreen.storyboard;
			sourceTree = "<group>";
		};
/* End PBXVariantGroup section */

/* Begin XCBuildConfiguration section */
		52A35BCD24CF392E00AA11FC /* Debug */ = {
			isa = XCBuildConfiguration;
			buildSettings = {
				ALWAYS_SEARCH_USER_PATHS = NO;
				CLANG_ANALYZER_NONNULL = YES;
				CLANG_ANALYZER_NUMBER_OBJECT_CONVERSION = YES_AGGRESSIVE;
				CLANG_CXX_LANGUAGE_STANDARD = "gnu++14";
				CLANG_CXX_LIBRARY = "libc++";
				CLANG_ENABLE_MODULES = YES;
				CLANG_ENABLE_OBJC_ARC = YES;
				CLANG_ENABLE_OBJC_WEAK = YES;
				CLANG_WARN_BLOCK_CAPTURE_AUTORELEASING = YES;
				CLANG_WARN_BOOL_CONVERSION = YES;
				CLANG_WARN_COMMA = YES;
				CLANG_WARN_CONSTANT_CONVERSION = YES;
				CLANG_WARN_DEPRECATED_OBJC_IMPLEMENTATIONS = YES;
				CLANG_WARN_DIRECT_OBJC_ISA_USAGE = YES_ERROR;
				CLANG_WARN_DOCUMENTATION_COMMENTS = YES;
				CLANG_WARN_EMPTY_BODY = YES;
				CLANG_WARN_ENUM_CONVERSION = YES;
				CLANG_WARN_INFINITE_RECURSION = YES;
				CLANG_WARN_INT_CONVERSION = YES;
				CLANG_WARN_NON_LITERAL_NULL_CONVERSION = YES;
				CLANG_WARN_OBJC_IMPLICIT_RETAIN_SELF = YES;
				CLANG_WARN_OBJC_LITERAL_CONVERSION = YES;
				CLANG_WARN_OBJC_ROOT_CLASS = YES_ERROR;
				CLANG_WARN_RANGE_LOOP_ANALYSIS = YES;
				CLANG_WARN_STRICT_PROTOTYPES = YES;
				CLANG_WARN_SUSPICIOUS_MOVE = YES;
				CLANG_WARN_UNGUARDED_AVAILABILITY = YES_AGGRESSIVE;
				CLANG_WARN_UNREACHABLE_CODE = YES;
				CLANG_WARN__DUPLICATE_METHOD_MATCH = YES;
				COPY_PHASE_STRIP = NO;
				DEBUG_INFORMATION_FORMAT = dwarf;
				ENABLE_STRICT_OBJC_MSGSEND = YES;
				ENABLE_TESTABILITY = YES;
				GCC_C_LANGUAGE_STANDARD = gnu11;
				GCC_DYNAMIC_NO_PIC = NO;
				GCC_NO_COMMON_BLOCKS = YES;
				GCC_OPTIMIZATION_LEVEL = 0;
				GCC_PREPROCESSOR_DEFINITIONS = (
					"DEBUG=1",
					"$(inherited)",
				);
				GCC_WARN_64_TO_32_BIT_CONVERSION = YES;
				GCC_WARN_ABOUT_RETURN_TYPE = YES_ERROR;
				GCC_WARN_UNDECLARED_SELECTOR = YES;
				GCC_WARN_UNINITIALIZED_AUTOS = YES_AGGRESSIVE;
				GCC_WARN_UNUSED_FUNCTION = YES;
				GCC_WARN_UNUSED_VARIABLE = YES;
				IPHONEOS_DEPLOYMENT_TARGET = 13.6;
				MTL_ENABLE_DEBUG_INFO = INCLUDE_SOURCE;
				MTL_FAST_MATH = YES;
				ONLY_ACTIVE_ARCH = YES;
				SDKROOT = iphoneos;
				SWIFT_ACTIVE_COMPILATION_CONDITIONS = DEBUG;
				SWIFT_OPTIMIZATION_LEVEL = "-Onone";
			};
			name = Debug;
		};
		52A35BCE24CF392E00AA11FC /* Release */ = {
			isa = XCBuildConfiguration;
			buildSettings = {
				ALWAYS_SEARCH_USER_PATHS = NO;
				CLANG_ANALYZER_NONNULL = YES;
				CLANG_ANALYZER_NUMBER_OBJECT_CONVERSION = YES_AGGRESSIVE;
				CLANG_CXX_LANGUAGE_STANDARD = "gnu++14";
				CLANG_CXX_LIBRARY = "libc++";
				CLANG_ENABLE_MODULES = YES;
				CLANG_ENABLE_OBJC_ARC = YES;
				CLANG_ENABLE_OBJC_WEAK = YES;
				CLANG_WARN_BLOCK_CAPTURE_AUTORELEASING = YES;
				CLANG_WARN_BOOL_CONVERSION = YES;
				CLANG_WARN_COMMA = YES;
				CLANG_WARN_CONSTANT_CONVERSION = YES;
				CLANG_WARN_DEPRECATED_OBJC_IMPLEMENTATIONS = YES;
				CLANG_WARN_DIRECT_OBJC_ISA_USAGE = YES_ERROR;
				CLANG_WARN_DOCUMENTATION_COMMENTS = YES;
				CLANG_WARN_EMPTY_BODY = YES;
				CLANG_WARN_ENUM_CONVERSION = YES;
				CLANG_WARN_INFINITE_RECURSION = YES;
				CLANG_WARN_INT_CONVERSION = YES;
				CLANG_WARN_NON_LITERAL_NULL_CONVERSION = YES;
				CLANG_WARN_OBJC_IMPLICIT_RETAIN_SELF = YES;
				CLANG_WARN_OBJC_LITERAL_CONVERSION = YES;
				CLANG_WARN_OBJC_ROOT_CLASS = YES_ERROR;
				CLANG_WARN_RANGE_LOOP_ANALYSIS = YES;
				CLANG_WARN_STRICT_PROTOTYPES = YES;
				CLANG_WARN_SUSPICIOUS_MOVE = YES;
				CLANG_WARN_UNGUARDED_AVAILABILITY = YES_AGGRESSIVE;
				CLANG_WARN_UNREACHABLE_CODE = YES;
				CLANG_WARN__DUPLICATE_METHOD_MATCH = YES;
				COPY_PHASE_STRIP = NO;
				DEBUG_INFORMATION_FORMAT = "dwarf-with-dsym";
				ENABLE_NS_ASSERTIONS = NO;
				ENABLE_STRICT_OBJC_MSGSEND = YES;
				GCC_C_LANGUAGE_STANDARD = gnu11;
				GCC_NO_COMMON_BLOCKS = YES;
				GCC_WARN_64_TO_32_BIT_CONVERSION = YES;
				GCC_WARN_ABOUT_RETURN_TYPE = YES_ERROR;
				GCC_WARN_UNDECLARED_SELECTOR = YES;
				GCC_WARN_UNINITIALIZED_AUTOS = YES_AGGRESSIVE;
				GCC_WARN_UNUSED_FUNCTION = YES;
				GCC_WARN_UNUSED_VARIABLE = YES;
				IPHONEOS_DEPLOYMENT_TARGET = 13.6;
				MTL_ENABLE_DEBUG_INFO = NO;
				MTL_FAST_MATH = YES;
				SDKROOT = iphoneos;
				SWIFT_COMPILATION_MODE = wholemodule;
				SWIFT_OPTIMIZATION_LEVEL = "-O";
				VALIDATE_PRODUCT = YES;
			};
			name = Release;
		};
		52A35BD024CF392E00AA11FC /* Debug */ = {
			isa = XCBuildConfiguration;
			buildSettings = {
				ASSETCATALOG_COMPILER_APPICON_NAME = AppIcon;
				CODE_SIGN_STYLE = Automatic;
				INFOPLIST_FILE = SmsSending/Info.plist;
				LD_RUNPATH_SEARCH_PATHS = (
					"$(inherited)",
					"@executable_path/Frameworks",
				);
				PRODUCT_BUNDLE_IDENTIFIER = com.codewithgevorg.SmsSending;
				PRODUCT_NAME = "$(TARGET_NAME)";
				SWIFT_VERSION = 5.0;
				TARGETED_DEVICE_FAMILY = "1,2";
			};
			name = Debug;
		};
		52A35BD124CF392E00AA11FC /* Release */ = {
			isa = XCBuildConfiguration;
			buildSettings = {
				ASSETCATALOG_COMPILER_APPICON_NAME = AppIcon;
				CODE_SIGN_STYLE = Automatic;
				INFOPLIST_FILE = SmsSending/Info.plist;
				LD_RUNPATH_SEARCH_PATHS = (
					"$(inherited)",
					"@executable_path/Frameworks",
				);
				PRODUCT_BUNDLE_IDENTIFIER = com.codewithgevorg.SmsSending;
				PRODUCT_NAME = "$(TARGET_NAME)";
				SWIFT_VERSION = 5.0;
				TARGETED_DEVICE_FAMILY = "1,2";
			};
			name = Release;
		};
/* End XCBuildConfiguration section */

/* Begin XCConfigurationList section */
		52A35BB624CF392C00AA11FC /* Build configuration list for PBXProject "SmsSending" */ = {
			isa = XCConfigurationList;
			buildConfigurations = (
				52A35BCD24CF392E00AA11FC /* Debug */,
				52A35BCE24CF392E00AA11FC /* Release */,
			);
			defaultConfigurationIsVisible = 0;
			defaultConfigurationName = Release;
		};
		52A35BCF24CF392E00AA11FC /* Build configuration list for PBXNativeTarget "SmsSending" */ = {
			isa = XCConfigurationList;
			buildConfigurations = (
				52A35BD024CF392E00AA11FC /* Debug */,
				52A35BD124CF392E00AA11FC /* Release */,
			);
			defaultConfigurationIsVisible = 0;
			defaultConfigurationName = Release;
		};
/* End XCConfigurationList section */
	};
	rootObject = 52A35BB324CF392C00AA11FC /* Project object */;
}
